// !$*UTF8*$!
{
	archiveVersion = 1;
	classes = {
	};
	objectVersion = 56;
	objects = {

/* Begin PBXBuildFile section */
		0D93FE71859C5AF8AAF5E0EB /* Pods_CountDownTests.framework in Frameworks */ = {isa = PBXBuildFile; fileRef = 6EFBBFF2EEF3A2CD41803E8E /* Pods_CountDownTests.framework */; };
		0E064F244372B5D4491AD553 /* Pods_CountDown.framework in Frameworks */ = {isa = PBXBuildFile; fileRef = 02D73B8C22F3BA1B92E47B17 /* Pods_CountDown.framework */; };
		329387F12998B47BB6DE2FCC /* Pods_CountDown_CountDownUITests.framework in Frameworks */ = {isa = PBXBuildFile; fileRef = 216288B49A7FC38DC20CDC6F /* Pods_CountDown_CountDownUITests.framework */; };
		7E2734572B7EAA1E00ED2B28 /* HomeNavigationView.swift in Sources */ = {isa = PBXBuildFile; fileRef = 7E2734562B7EAA1E00ED2B28 /* HomeNavigationView.swift */; };
		7E27345A2B7F842900ED2B28 /* DateFormatterService.swift in Sources */ = {isa = PBXBuildFile; fileRef = 7E2734592B7F842900ED2B28 /* DateFormatterService.swift */; };
		7E90D34E2B74FA3A00F583CC /* AppDelegate.swift in Sources */ = {isa = PBXBuildFile; fileRef = 7E90D34D2B74FA3A00F583CC /* AppDelegate.swift */; };
		7E90D3502B74FA3A00F583CC /* SceneDelegate.swift in Sources */ = {isa = PBXBuildFile; fileRef = 7E90D34F2B74FA3A00F583CC /* SceneDelegate.swift */; };
		7E90D3582B74FA3A00F583CC /* CountDown.xcdatamodeld in Sources */ = {isa = PBXBuildFile; fileRef = 7E90D3562B74FA3A00F583CC /* CountDown.xcdatamodeld */; };
		7E90D35A2B74FA3D00F583CC /* Assets.xcassets in Resources */ = {isa = PBXBuildFile; fileRef = 7E90D3592B74FA3D00F583CC /* Assets.xcassets */; };
		7E90D3682B74FA3D00F583CC /* CountDownTests.swift in Sources */ = {isa = PBXBuildFile; fileRef = 7E90D3672B74FA3D00F583CC /* CountDownTests.swift */; };
		7E90D3722B74FA3D00F583CC /* CountDownUITests.swift in Sources */ = {isa = PBXBuildFile; fileRef = 7E90D3712B74FA3D00F583CC /* CountDownUITests.swift */; };
		7E90D3742B74FA3D00F583CC /* CountDownUITestsLaunchTests.swift in Sources */ = {isa = PBXBuildFile; fileRef = 7E90D3732B74FA3D00F583CC /* CountDownUITestsLaunchTests.swift */; };
		7E90D3832B74FE7F00F583CC /* Podfile in Resources */ = {isa = PBXBuildFile; fileRef = 7E90D3822B74FE7E00F583CC /* Podfile */; };
		7E90D3852B74FE9100F583CC /* .swiftlint.yml in Resources */ = {isa = PBXBuildFile; fileRef = 7E90D3842B74FE9000F583CC /* .swiftlint.yml */; };
		7E90D38F2B754D6A00F583CC /* Localizable.strings in Resources */ = {isa = PBXBuildFile; fileRef = 7E90D3912B754D6A00F583CC /* Localizable.strings */; };
		7E90D3972B756CEB00F583CC /* BaseView.swift in Sources */ = {isa = PBXBuildFile; fileRef = 7E90D3962B756CEB00F583CC /* BaseView.swift */; };
		7E90D3A02B756E2D00F583CC /* HomeModuleBuilder.swift in Sources */ = {isa = PBXBuildFile; fileRef = 7E90D39B2B756E2D00F583CC /* HomeModuleBuilder.swift */; };
		7E90D3A12B756E2D00F583CC /* HomePresenter.swift in Sources */ = {isa = PBXBuildFile; fileRef = 7E90D39C2B756E2D00F583CC /* HomePresenter.swift */; };
		7E90D3A22B756E2D00F583CC /* HomeRouter.swift in Sources */ = {isa = PBXBuildFile; fileRef = 7E90D39D2B756E2D00F583CC /* HomeRouter.swift */; };
		7E90D3A32B756E2D00F583CC /* HomeViewController.swift in Sources */ = {isa = PBXBuildFile; fileRef = 7E90D39E2B756E2D00F583CC /* HomeViewController.swift */; };
		7E90D3A42B756E2D00F583CC /* HomeInteractor.swift in Sources */ = {isa = PBXBuildFile; fileRef = 7E90D39F2B756E2D00F583CC /* HomeInteractor.swift */; };
		7E90D3A82B7575E300F583CC /* Resources.swift in Sources */ = {isa = PBXBuildFile; fileRef = 7E90D3A72B7575E200F583CC /* Resources.swift */; };
		7E90D3B02B75777A00F583CC /* CountDownEntity.swift in Sources */ = {isa = PBXBuildFile; fileRef = 7E90D3AF2B75777A00F583CC /* CountDownEntity.swift */; };
		7E90D3B22B75797F00F583CC /* UIColor + ext.swift in Sources */ = {isa = PBXBuildFile; fileRef = 7E90D3B12B75797F00F583CC /* UIColor + ext.swift */; };
		7E90D3B72B75832600F583CC /* CountDownCollectionView.swift in Sources */ = {isa = PBXBuildFile; fileRef = 7E90D3B62B75832600F583CC /* CountDownCollectionView.swift */; };
		7E90D3B92B76239800F583CC /* CountDownCell.swift in Sources */ = {isa = PBXBuildFile; fileRef = 7E90D3B82B76239800F583CC /* CountDownCell.swift */; };
		7E90D3BB2B763A7900F583CC /* UIView + ext.swift in Sources */ = {isa = PBXBuildFile; fileRef = 7E90D3BA2B763A7900F583CC /* UIView + ext.swift */; };
		7ECEE08E2B7D18BD0058F95C /* Date + ext.swift in Sources */ = {isa = PBXBuildFile; fileRef = 7ECEE08D2B7D18BD0058F95C /* Date + ext.swift */; };
/* End PBXBuildFile section */

/* Begin PBXContainerItemProxy section */
		7E90D3642B74FA3D00F583CC /* PBXContainerItemProxy */ = {
			isa = PBXContainerItemProxy;
			containerPortal = 7E90D3422B74FA3A00F583CC /* Project object */;
			proxyType = 1;
			remoteGlobalIDString = 7E90D3492B74FA3A00F583CC;
			remoteInfo = CountDown;
		};
		7E90D36E2B74FA3D00F583CC /* PBXContainerItemProxy */ = {
			isa = PBXContainerItemProxy;
			containerPortal = 7E90D3422B74FA3A00F583CC /* Project object */;
			proxyType = 1;
			remoteGlobalIDString = 7E90D3492B74FA3A00F583CC;
			remoteInfo = CountDown;
		};
/* End PBXContainerItemProxy section */

/* Begin PBXFileReference section */
		02D73B8C22F3BA1B92E47B17 /* Pods_CountDown.framework */ = {isa = PBXFileReference; explicitFileType = wrapper.framework; includeInIndex = 0; path = Pods_CountDown.framework; sourceTree = BUILT_PRODUCTS_DIR; };
		216288B49A7FC38DC20CDC6F /* Pods_CountDown_CountDownUITests.framework */ = {isa = PBXFileReference; explicitFileType = wrapper.framework; includeInIndex = 0; path = Pods_CountDown_CountDownUITests.framework; sourceTree = BUILT_PRODUCTS_DIR; };
		25EDDFFCE952A276B2741984 /* Pods-CountDown-CountDownUITests.debug.xcconfig */ = {isa = PBXFileReference; includeInIndex = 1; lastKnownFileType = text.xcconfig; name = "Pods-CountDown-CountDownUITests.debug.xcconfig"; path = "Target Support Files/Pods-CountDown-CountDownUITests/Pods-CountDown-CountDownUITests.debug.xcconfig"; sourceTree = "<group>"; };
		29EB3E0C631D8F2FD457CCDA /* Pods-CountDown.release.xcconfig */ = {isa = PBXFileReference; includeInIndex = 1; lastKnownFileType = text.xcconfig; name = "Pods-CountDown.release.xcconfig"; path = "Target Support Files/Pods-CountDown/Pods-CountDown.release.xcconfig"; sourceTree = "<group>"; };
		638EAAB26CF3310D0CE43B43 /* Pods-CountDownTests.release.xcconfig */ = {isa = PBXFileReference; includeInIndex = 1; lastKnownFileType = text.xcconfig; name = "Pods-CountDownTests.release.xcconfig"; path = "Target Support Files/Pods-CountDownTests/Pods-CountDownTests.release.xcconfig"; sourceTree = "<group>"; };
		6EFBBFF2EEF3A2CD41803E8E /* Pods_CountDownTests.framework */ = {isa = PBXFileReference; explicitFileType = wrapper.framework; includeInIndex = 0; path = Pods_CountDownTests.framework; sourceTree = BUILT_PRODUCTS_DIR; };
		770D360CF36A07053E200F24 /* Pods-CountDownTests.debug.xcconfig */ = {isa = PBXFileReference; includeInIndex = 1; lastKnownFileType = text.xcconfig; name = "Pods-CountDownTests.debug.xcconfig"; path = "Target Support Files/Pods-CountDownTests/Pods-CountDownTests.debug.xcconfig"; sourceTree = "<group>"; };
		7E2734562B7EAA1E00ED2B28 /* HomeNavigationView.swift */ = {isa = PBXFileReference; lastKnownFileType = sourcecode.swift; path = HomeNavigationView.swift; sourceTree = "<group>"; };
		7E2734592B7F842900ED2B28 /* DateFormatterService.swift */ = {isa = PBXFileReference; lastKnownFileType = sourcecode.swift; path = DateFormatterService.swift; sourceTree = "<group>"; };
		7E90D34A2B74FA3A00F583CC /* CountDown.app */ = {isa = PBXFileReference; explicitFileType = wrapper.application; includeInIndex = 0; path = CountDown.app; sourceTree = BUILT_PRODUCTS_DIR; };
		7E90D34D2B74FA3A00F583CC /* AppDelegate.swift */ = {isa = PBXFileReference; lastKnownFileType = sourcecode.swift; path = AppDelegate.swift; sourceTree = "<group>"; };
		7E90D34F2B74FA3A00F583CC /* SceneDelegate.swift */ = {isa = PBXFileReference; lastKnownFileType = sourcecode.swift; path = SceneDelegate.swift; sourceTree = "<group>"; };
		7E90D3572B74FA3A00F583CC /* CountDown.xcdatamodel */ = {isa = PBXFileReference; lastKnownFileType = wrapper.xcdatamodel; path = CountDown.xcdatamodel; sourceTree = "<group>"; };
		7E90D3592B74FA3D00F583CC /* Assets.xcassets */ = {isa = PBXFileReference; lastKnownFileType = folder.assetcatalog; path = Assets.xcassets; sourceTree = "<group>"; };
		7E90D35E2B74FA3D00F583CC /* Info.plist */ = {isa = PBXFileReference; lastKnownFileType = text.plist.xml; path = Info.plist; sourceTree = "<group>"; };
		7E90D3632B74FA3D00F583CC /* CountDownTests.xctest */ = {isa = PBXFileReference; explicitFileType = wrapper.cfbundle; includeInIndex = 0; path = CountDownTests.xctest; sourceTree = BUILT_PRODUCTS_DIR; };
		7E90D3672B74FA3D00F583CC /* CountDownTests.swift */ = {isa = PBXFileReference; lastKnownFileType = sourcecode.swift; path = CountDownTests.swift; sourceTree = "<group>"; };
		7E90D36D2B74FA3D00F583CC /* CountDownUITests.xctest */ = {isa = PBXFileReference; explicitFileType = wrapper.cfbundle; includeInIndex = 0; path = CountDownUITests.xctest; sourceTree = BUILT_PRODUCTS_DIR; };
		7E90D3712B74FA3D00F583CC /* CountDownUITests.swift */ = {isa = PBXFileReference; lastKnownFileType = sourcecode.swift; path = CountDownUITests.swift; sourceTree = "<group>"; };
		7E90D3732B74FA3D00F583CC /* CountDownUITestsLaunchTests.swift */ = {isa = PBXFileReference; lastKnownFileType = sourcecode.swift; path = CountDownUITestsLaunchTests.swift; sourceTree = "<group>"; };
		7E90D3822B74FE7E00F583CC /* Podfile */ = {isa = PBXFileReference; fileEncoding = 4; lastKnownFileType = text; path = Podfile; sourceTree = "<group>"; };
		7E90D3842B74FE9000F583CC /* .swiftlint.yml */ = {isa = PBXFileReference; fileEncoding = 4; lastKnownFileType = text.yaml; path = .swiftlint.yml; sourceTree = "<group>"; };
		7E90D3902B754D6A00F583CC /* en */ = {isa = PBXFileReference; lastKnownFileType = text.plist.strings; name = en; path = en.lproj/Localizable.strings; sourceTree = "<group>"; };
		7E90D3942B754D8B00F583CC /* ru */ = {isa = PBXFileReference; lastKnownFileType = text.plist.strings; name = ru; path = ru.lproj/Localizable.strings; sourceTree = "<group>"; };
		7E90D3962B756CEB00F583CC /* BaseView.swift */ = {isa = PBXFileReference; lastKnownFileType = sourcecode.swift; path = BaseView.swift; sourceTree = "<group>"; };
		7E90D39B2B756E2D00F583CC /* HomeModuleBuilder.swift */ = {isa = PBXFileReference; lastKnownFileType = sourcecode.swift; path = HomeModuleBuilder.swift; sourceTree = "<group>"; };
		7E90D39C2B756E2D00F583CC /* HomePresenter.swift */ = {isa = PBXFileReference; lastKnownFileType = sourcecode.swift; path = HomePresenter.swift; sourceTree = "<group>"; };
		7E90D39D2B756E2D00F583CC /* HomeRouter.swift */ = {isa = PBXFileReference; lastKnownFileType = sourcecode.swift; path = HomeRouter.swift; sourceTree = "<group>"; };
		7E90D39E2B756E2D00F583CC /* HomeViewController.swift */ = {isa = PBXFileReference; lastKnownFileType = sourcecode.swift; path = HomeViewController.swift; sourceTree = "<group>"; };
		7E90D39F2B756E2D00F583CC /* HomeInteractor.swift */ = {isa = PBXFileReference; lastKnownFileType = sourcecode.swift; path = HomeInteractor.swift; sourceTree = "<group>"; };
		7E90D3A72B7575E200F583CC /* Resources.swift */ = {isa = PBXFileReference; lastKnownFileType = sourcecode.swift; path = Resources.swift; sourceTree = "<group>"; };
		7E90D3AF2B75777A00F583CC /* CountDownEntity.swift */ = {isa = PBXFileReference; lastKnownFileType = sourcecode.swift; path = CountDownEntity.swift; sourceTree = "<group>"; };
		7E90D3B12B75797F00F583CC /* UIColor + ext.swift */ = {isa = PBXFileReference; lastKnownFileType = sourcecode.swift; path = "UIColor + ext.swift"; sourceTree = "<group>"; };
		7E90D3B62B75832600F583CC /* CountDownCollectionView.swift */ = {isa = PBXFileReference; lastKnownFileType = sourcecode.swift; path = CountDownCollectionView.swift; sourceTree = "<group>"; };
		7E90D3B82B76239800F583CC /* CountDownCell.swift */ = {isa = PBXFileReference; lastKnownFileType = sourcecode.swift; path = CountDownCell.swift; sourceTree = "<group>"; };
		7E90D3BA2B763A7900F583CC /* UIView + ext.swift */ = {isa = PBXFileReference; lastKnownFileType = sourcecode.swift; path = "UIView + ext.swift"; sourceTree = "<group>"; };
		7ECEE08D2B7D18BD0058F95C /* Date + ext.swift */ = {isa = PBXFileReference; lastKnownFileType = sourcecode.swift; path = "Date + ext.swift"; sourceTree = "<group>"; };
		CEFCDBD6C7F94DC173B0C768 /* Pods-CountDown.debug.xcconfig */ = {isa = PBXFileReference; includeInIndex = 1; lastKnownFileType = text.xcconfig; name = "Pods-CountDown.debug.xcconfig"; path = "Target Support Files/Pods-CountDown/Pods-CountDown.debug.xcconfig"; sourceTree = "<group>"; };
		FC1ABC813DD272851451505D /* Pods-CountDown-CountDownUITests.release.xcconfig */ = {isa = PBXFileReference; includeInIndex = 1; lastKnownFileType = text.xcconfig; name = "Pods-CountDown-CountDownUITests.release.xcconfig"; path = "Target Support Files/Pods-CountDown-CountDownUITests/Pods-CountDown-CountDownUITests.release.xcconfig"; sourceTree = "<group>"; };
/* End PBXFileReference section */

/* Begin PBXFrameworksBuildPhase section */
		7E90D3472B74FA3A00F583CC /* Frameworks */ = {
			isa = PBXFrameworksBuildPhase;
			buildActionMask = 2147483647;
			files = (
				0E064F244372B5D4491AD553 /* Pods_CountDown.framework in Frameworks */,
			);
			runOnlyForDeploymentPostprocessing = 0;
		};
		7E90D3602B74FA3D00F583CC /* Frameworks */ = {
			isa = PBXFrameworksBuildPhase;
			buildActionMask = 2147483647;
			files = (
				0D93FE71859C5AF8AAF5E0EB /* Pods_CountDownTests.framework in Frameworks */,
			);
			runOnlyForDeploymentPostprocessing = 0;
		};
		7E90D36A2B74FA3D00F583CC /* Frameworks */ = {
			isa = PBXFrameworksBuildPhase;
			buildActionMask = 2147483647;
			files = (
				329387F12998B47BB6DE2FCC /* Pods_CountDown_CountDownUITests.framework in Frameworks */,
			);
			runOnlyForDeploymentPostprocessing = 0;
		};
/* End PBXFrameworksBuildPhase section */

/* Begin PBXGroup section */
		27FE2B41507F3E049B06A39D /* Pods */ = {
			isa = PBXGroup;
			children = (
				CEFCDBD6C7F94DC173B0C768 /* Pods-CountDown.debug.xcconfig */,
				29EB3E0C631D8F2FD457CCDA /* Pods-CountDown.release.xcconfig */,
				25EDDFFCE952A276B2741984 /* Pods-CountDown-CountDownUITests.debug.xcconfig */,
				FC1ABC813DD272851451505D /* Pods-CountDown-CountDownUITests.release.xcconfig */,
				770D360CF36A07053E200F24 /* Pods-CountDownTests.debug.xcconfig */,
				638EAAB26CF3310D0CE43B43 /* Pods-CountDownTests.release.xcconfig */,
			);
			path = Pods;
			sourceTree = "<group>";
		};
		7E2734582B7F840200ED2B28 /* Services */ = {
			isa = PBXGroup;
			children = (
				7E2734592B7F842900ED2B28 /* DateFormatterService.swift */,
			);
			path = Services;
			sourceTree = "<group>";
		};
		7E90D3412B74FA3A00F583CC = {
			isa = PBXGroup;
			children = (
				7E90D3812B74FE6E00F583CC /* Config */,
				7E90D34C2B74FA3A00F583CC /* CountDown */,
				7E90D3662B74FA3D00F583CC /* CountDownTests */,
				7E90D3702B74FA3D00F583CC /* CountDownUITests */,
				7E90D34B2B74FA3A00F583CC /* Products */,
				27FE2B41507F3E049B06A39D /* Pods */,
				C6517F916AA70337DF6BD72D /* Frameworks */,
			);
			sourceTree = "<group>";
		};
		7E90D34B2B74FA3A00F583CC /* Products */ = {
			isa = PBXGroup;
			children = (
				7E90D34A2B74FA3A00F583CC /* CountDown.app */,
				7E90D3632B74FA3D00F583CC /* CountDownTests.xctest */,
				7E90D36D2B74FA3D00F583CC /* CountDownUITests.xctest */,
			);
			name = Products;
			sourceTree = "<group>";
		};
		7E90D34C2B74FA3A00F583CC /* CountDown */ = {
			isa = PBXGroup;
			children = (
				7E2734582B7F840200ED2B28 /* Services */,
				7E90D38B2B74FFBE00F583CC /* Features */,
				7E90D38C2B74FFF500F583CC /* Extensions */,
				7E90D38A2B74FFB300F583CC /* CoreData */,
				7E90D3892B74FFA100F583CC /* Resources */,
				7E90D3882B74FF8E00F583CC /* Helpers */,
				7E90D3872B74FF8100F583CC /* Application */,
			);
			path = CountDown;
			sourceTree = "<group>";
		};
		7E90D3662B74FA3D00F583CC /* CountDownTests */ = {
			isa = PBXGroup;
			children = (
				7E90D3672B74FA3D00F583CC /* CountDownTests.swift */,
			);
			path = CountDownTests;
			sourceTree = "<group>";
		};
		7E90D3702B74FA3D00F583CC /* CountDownUITests */ = {
			isa = PBXGroup;
			children = (
				7E90D3712B74FA3D00F583CC /* CountDownUITests.swift */,
				7E90D3732B74FA3D00F583CC /* CountDownUITestsLaunchTests.swift */,
			);
			path = CountDownUITests;
			sourceTree = "<group>";
		};
		7E90D3812B74FE6E00F583CC /* Config */ = {
			isa = PBXGroup;
			children = (
				7E90D3842B74FE9000F583CC /* .swiftlint.yml */,
				7E90D3822B74FE7E00F583CC /* Podfile */,
			);
			name = Config;
			sourceTree = "<group>";
		};
		7E90D3872B74FF8100F583CC /* Application */ = {
			isa = PBXGroup;
			children = (
				7E90D34D2B74FA3A00F583CC /* AppDelegate.swift */,
				7E90D34F2B74FA3A00F583CC /* SceneDelegate.swift */,
			);
			path = Application;
			sourceTree = "<group>";
		};
		7E90D3882B74FF8E00F583CC /* Helpers */ = {
			isa = PBXGroup;
			children = (
				7E90D3592B74FA3D00F583CC /* Assets.xcassets */,
				7E90D35E2B74FA3D00F583CC /* Info.plist */,
			);
			path = Helpers;
			sourceTree = "<group>";
		};
		7E90D3892B74FFA100F583CC /* Resources */ = {
			isa = PBXGroup;
			children = (
				7E90D3A62B7575A300F583CC /* Localization */,
				7E90D3A52B75759100F583CC /* Enums */,
			);
			path = Resources;
			sourceTree = "<group>";
		};
		7E90D38A2B74FFB300F583CC /* CoreData */ = {
			isa = PBXGroup;
			children = (
				7E90D3562B74FA3A00F583CC /* CountDown.xcdatamodeld */,
			);
			path = CoreData;
			sourceTree = "<group>";
		};
		7E90D38B2B74FFBE00F583CC /* Features */ = {
			isa = PBXGroup;
			children = (
				7E90D39A2B756E1200F583CC /* HomeModule */,
				7E90D3952B756CBF00F583CC /* Base */,
			);
			path = Features;
			sourceTree = "<group>";
		};
		7E90D38C2B74FFF500F583CC /* Extensions */ = {
			isa = PBXGroup;
			children = (
				7E90D3B12B75797F00F583CC /* UIColor + ext.swift */,
				7E90D3BA2B763A7900F583CC /* UIView + ext.swift */,
				7ECEE08D2B7D18BD0058F95C /* Date + ext.swift */,
			);
			path = Extensions;
			sourceTree = "<group>";
		};
		7E90D3952B756CBF00F583CC /* Base */ = {
			isa = PBXGroup;
			children = (
				7E90D3962B756CEB00F583CC /* BaseView.swift */,
			);
			path = Base;
			sourceTree = "<group>";
		};
		7E90D39A2B756E1200F583CC /* HomeModule */ = {
			isa = PBXGroup;
			children = (
				7E90D3AC2B75771F00F583CC /* View */,
				7E90D3AD2B75772600F583CC /* Iteractor */,
				7E90D3AA2B75771200F583CC /* Presenter */,
				7E90D3AE2B75773C00F583CC /* Entity */,
				7E90D3AB2B75771900F583CC /* Router */,
				7E90D3A92B75770700F583CC /* Builder */,
			);
			path = HomeModule;
			sourceTree = "<group>";
		};
		7E90D3A52B75759100F583CC /* Enums */ = {
			isa = PBXGroup;
			children = (
				7E90D3A72B7575E200F583CC /* Resources.swift */,
			);
			path = Enums;
			sourceTree = "<group>";
		};
		7E90D3A62B7575A300F583CC /* Localization */ = {
			isa = PBXGroup;
			children = (
				7E90D3912B754D6A00F583CC /* Localizable.strings */,
			);
			path = Localization;
			sourceTree = "<group>";
		};
		7E90D3A92B75770700F583CC /* Builder */ = {
			isa = PBXGroup;
			children = (
				7E90D39B2B756E2D00F583CC /* HomeModuleBuilder.swift */,
			);
			path = Builder;
			sourceTree = "<group>";
		};
		7E90D3AA2B75771200F583CC /* Presenter */ = {
			isa = PBXGroup;
			children = (
				7E90D39C2B756E2D00F583CC /* HomePresenter.swift */,
			);
			path = Presenter;
			sourceTree = "<group>";
		};
		7E90D3AB2B75771900F583CC /* Router */ = {
			isa = PBXGroup;
			children = (
				7E90D39D2B756E2D00F583CC /* HomeRouter.swift */,
			);
			path = Router;
			sourceTree = "<group>";
		};
		7E90D3AC2B75771F00F583CC /* View */ = {
			isa = PBXGroup;
			children = (
				7E90D39E2B756E2D00F583CC /* HomeViewController.swift */,
				7E90D3B32B7582DA00F583CC /* Helpers */,
			);
			path = View;
			sourceTree = "<group>";
		};
		7E90D3AD2B75772600F583CC /* Iteractor */ = {
			isa = PBXGroup;
			children = (
				7E90D39F2B756E2D00F583CC /* HomeInteractor.swift */,
			);
			path = Iteractor;
			sourceTree = "<group>";
		};
		7E90D3AE2B75773C00F583CC /* Entity */ = {
			isa = PBXGroup;
			children = (
				7E90D3AF2B75777A00F583CC /* CountDownEntity.swift */,
			);
			path = Entity;
			sourceTree = "<group>";
		};
		7E90D3B32B7582DA00F583CC /* Helpers */ = {
			isa = PBXGroup;
			children = (
				7E90D3B62B75832600F583CC /* CountDownCollectionView.swift */,
				7E90D3B82B76239800F583CC /* CountDownCell.swift */,
				7E2734562B7EAA1E00ED2B28 /* HomeNavigationView.swift */,
			);
			path = Helpers;
			sourceTree = "<group>";
		};
		C6517F916AA70337DF6BD72D /* Frameworks */ = {
			isa = PBXGroup;
			children = (
				02D73B8C22F3BA1B92E47B17 /* Pods_CountDown.framework */,
				216288B49A7FC38DC20CDC6F /* Pods_CountDown_CountDownUITests.framework */,
				6EFBBFF2EEF3A2CD41803E8E /* Pods_CountDownTests.framework */,
			);
			name = Frameworks;
			sourceTree = "<group>";
		};
/* End PBXGroup section */

/* Begin PBXNativeTarget section */
		7E90D3492B74FA3A00F583CC /* CountDown */ = {
			isa = PBXNativeTarget;
			buildConfigurationList = 7E90D3772B74FA3D00F583CC /* Build configuration list for PBXNativeTarget "CountDown" */;
			buildPhases = (
				A1B1A376F3C49D9683B324D6 /* [CP] Check Pods Manifest.lock */,
				7E90D3462B74FA3A00F583CC /* Sources */,
				7E90D3472B74FA3A00F583CC /* Frameworks */,
				7E90D3482B74FA3A00F583CC /* Resources */,
				7E90D3862B74FEB100F583CC /* ShellScript */,
			);
			buildRules = (
			);
			dependencies = (
			);
			name = CountDown;
			productName = CountDown;
			productReference = 7E90D34A2B74FA3A00F583CC /* CountDown.app */;
			productType = "com.apple.product-type.application";
		};
		7E90D3622B74FA3D00F583CC /* CountDownTests */ = {
			isa = PBXNativeTarget;
			buildConfigurationList = 7E90D37A2B74FA3D00F583CC /* Build configuration list for PBXNativeTarget "CountDownTests" */;
			buildPhases = (
				48BA66933791B8F0B2F4506C /* [CP] Check Pods Manifest.lock */,
				7E90D35F2B74FA3D00F583CC /* Sources */,
				7E90D3602B74FA3D00F583CC /* Frameworks */,
				7E90D3612B74FA3D00F583CC /* Resources */,
			);
			buildRules = (
			);
			dependencies = (
				7E90D3652B74FA3D00F583CC /* PBXTargetDependency */,
			);
			name = CountDownTests;
			productName = CountDownTests;
			productReference = 7E90D3632B74FA3D00F583CC /* CountDownTests.xctest */;
			productType = "com.apple.product-type.bundle.unit-test";
		};
		7E90D36C2B74FA3D00F583CC /* CountDownUITests */ = {
			isa = PBXNativeTarget;
			buildConfigurationList = 7E90D37D2B74FA3D00F583CC /* Build configuration list for PBXNativeTarget "CountDownUITests" */;
			buildPhases = (
				2C4DBA5154999D8FF18F1BAC /* [CP] Check Pods Manifest.lock */,
				7E90D3692B74FA3D00F583CC /* Sources */,
				7E90D36A2B74FA3D00F583CC /* Frameworks */,
				7E90D36B2B74FA3D00F583CC /* Resources */,
			);
			buildRules = (
			);
			dependencies = (
				7E90D36F2B74FA3D00F583CC /* PBXTargetDependency */,
			);
			name = CountDownUITests;
			productName = CountDownUITests;
			productReference = 7E90D36D2B74FA3D00F583CC /* CountDownUITests.xctest */;
			productType = "com.apple.product-type.bundle.ui-testing";
		};
/* End PBXNativeTarget section */

/* Begin PBXProject section */
		7E90D3422B74FA3A00F583CC /* Project object */ = {
			isa = PBXProject;
			attributes = {
				BuildIndependentTargetsInParallel = 1;
				LastSwiftUpdateCheck = 1420;
				LastUpgradeCheck = 1420;
				TargetAttributes = {
					7E90D3492B74FA3A00F583CC = {
						CreatedOnToolsVersion = 14.2;
					};
					7E90D3622B74FA3D00F583CC = {
						CreatedOnToolsVersion = 14.2;
						TestTargetID = 7E90D3492B74FA3A00F583CC;
					};
					7E90D36C2B74FA3D00F583CC = {
						CreatedOnToolsVersion = 14.2;
						TestTargetID = 7E90D3492B74FA3A00F583CC;
					};
				};
			};
			buildConfigurationList = 7E90D3452B74FA3A00F583CC /* Build configuration list for PBXProject "CountDown" */;
			compatibilityVersion = "Xcode 14.0";
			developmentRegion = en;
			hasScannedForEncodings = 0;
			knownRegions = (
				en,
				Base,
				ru,
			);
			mainGroup = 7E90D3412B74FA3A00F583CC;
			productRefGroup = 7E90D34B2B74FA3A00F583CC /* Products */;
			projectDirPath = "";
			projectRoot = "";
			targets = (
				7E90D3492B74FA3A00F583CC /* CountDown */,
				7E90D3622B74FA3D00F583CC /* CountDownTests */,
				7E90D36C2B74FA3D00F583CC /* CountDownUITests */,
			);
		};
/* End PBXProject section */

/* Begin PBXResourcesBuildPhase section */
		7E90D3482B74FA3A00F583CC /* Resources */ = {
			isa = PBXResourcesBuildPhase;
			buildActionMask = 2147483647;
			files = (
				7E90D38F2B754D6A00F583CC /* Localizable.strings in Resources */,
				7E90D3852B74FE9100F583CC /* .swiftlint.yml in Resources */,
				7E90D3832B74FE7F00F583CC /* Podfile in Resources */,
				7E90D35A2B74FA3D00F583CC /* Assets.xcassets in Resources */,
			);
			runOnlyForDeploymentPostprocessing = 0;
		};
		7E90D3612B74FA3D00F583CC /* Resources */ = {
			isa = PBXResourcesBuildPhase;
			buildActionMask = 2147483647;
			files = (
			);
			runOnlyForDeploymentPostprocessing = 0;
		};
		7E90D36B2B74FA3D00F583CC /* Resources */ = {
			isa = PBXResourcesBuildPhase;
			buildActionMask = 2147483647;
			files = (
			);
			runOnlyForDeploymentPostprocessing = 0;
		};
/* End PBXResourcesBuildPhase section */

/* Begin PBXShellScriptBuildPhase section */
		2C4DBA5154999D8FF18F1BAC /* [CP] Check Pods Manifest.lock */ = {
			isa = PBXShellScriptBuildPhase;
			buildActionMask = 2147483647;
			files = (
			);
			inputFileListPaths = (
			);
			inputPaths = (
				"${PODS_PODFILE_DIR_PATH}/Podfile.lock",
				"${PODS_ROOT}/Manifest.lock",
			);
			name = "[CP] Check Pods Manifest.lock";
			outputFileListPaths = (
			);
			outputPaths = (
				"$(DERIVED_FILE_DIR)/Pods-CountDown-CountDownUITests-checkManifestLockResult.txt",
			);
			runOnlyForDeploymentPostprocessing = 0;
			shellPath = /bin/sh;
			shellScript = "diff \"${PODS_PODFILE_DIR_PATH}/Podfile.lock\" \"${PODS_ROOT}/Manifest.lock\" > /dev/null\nif [ $? != 0 ] ; then\n    # print error to STDERR\n    echo \"error: The sandbox is not in sync with the Podfile.lock. Run 'pod install' or update your CocoaPods installation.\" >&2\n    exit 1\nfi\n# This output is used by Xcode 'outputs' to avoid re-running this script phase.\necho \"SUCCESS\" > \"${SCRIPT_OUTPUT_FILE_0}\"\n";
			showEnvVarsInLog = 0;
		};
		48BA66933791B8F0B2F4506C /* [CP] Check Pods Manifest.lock */ = {
			isa = PBXShellScriptBuildPhase;
			buildActionMask = 2147483647;
			files = (
			);
			inputFileListPaths = (
			);
			inputPaths = (
				"${PODS_PODFILE_DIR_PATH}/Podfile.lock",
				"${PODS_ROOT}/Manifest.lock",
			);
			name = "[CP] Check Pods Manifest.lock";
			outputFileListPaths = (
			);
			outputPaths = (
				"$(DERIVED_FILE_DIR)/Pods-CountDownTests-checkManifestLockResult.txt",
			);
			runOnlyForDeploymentPostprocessing = 0;
			shellPath = /bin/sh;
			shellScript = "diff \"${PODS_PODFILE_DIR_PATH}/Podfile.lock\" \"${PODS_ROOT}/Manifest.lock\" > /dev/null\nif [ $? != 0 ] ; then\n    # print error to STDERR\n    echo \"error: The sandbox is not in sync with the Podfile.lock. Run 'pod install' or update your CocoaPods installation.\" >&2\n    exit 1\nfi\n# This output is used by Xcode 'outputs' to avoid re-running this script phase.\necho \"SUCCESS\" > \"${SCRIPT_OUTPUT_FILE_0}\"\n";
			showEnvVarsInLog = 0;
		};
		7E90D3862B74FEB100F583CC /* ShellScript */ = {
			isa = PBXShellScriptBuildPhase;
			alwaysOutOfDate = 1;
			buildActionMask = 2147483647;
			files = (
			);
			inputFileListPaths = (
			);
			inputPaths = (
			);
			outputFileListPaths = (
			);
			outputPaths = (
			);
			runOnlyForDeploymentPostprocessing = 0;
			shellPath = /bin/sh;
			shellScript = "${PODS_ROOT}/SwiftLint/swiftlint\n";
		};
		A1B1A376F3C49D9683B324D6 /* [CP] Check Pods Manifest.lock */ = {
			isa = PBXShellScriptBuildPhase;
			buildActionMask = 2147483647;
			files = (
			);
			inputFileListPaths = (
			);
			inputPaths = (
				"${PODS_PODFILE_DIR_PATH}/Podfile.lock",
				"${PODS_ROOT}/Manifest.lock",
			);
			name = "[CP] Check Pods Manifest.lock";
			outputFileListPaths = (
			);
			outputPaths = (
				"$(DERIVED_FILE_DIR)/Pods-CountDown-checkManifestLockResult.txt",
			);
			runOnlyForDeploymentPostprocessing = 0;
			shellPath = /bin/sh;
			shellScript = "diff \"${PODS_PODFILE_DIR_PATH}/Podfile.lock\" \"${PODS_ROOT}/Manifest.lock\" > /dev/null\nif [ $? != 0 ] ; then\n    # print error to STDERR\n    echo \"error: The sandbox is not in sync with the Podfile.lock. Run 'pod install' or update your CocoaPods installation.\" >&2\n    exit 1\nfi\n# This output is used by Xcode 'outputs' to avoid re-running this script phase.\necho \"SUCCESS\" > \"${SCRIPT_OUTPUT_FILE_0}\"\n";
			showEnvVarsInLog = 0;
		};
/* End PBXShellScriptBuildPhase section */

/* Begin PBXSourcesBuildPhase section */
		7E90D3462B74FA3A00F583CC /* Sources */ = {
			isa = PBXSourcesBuildPhase;
			buildActionMask = 2147483647;
			files = (
				7E90D3A12B756E2D00F583CC /* HomePresenter.swift in Sources */,
				7E90D3A02B756E2D00F583CC /* HomeModuleBuilder.swift in Sources */,
				7E90D3A42B756E2D00F583CC /* HomeInteractor.swift in Sources */,
				7E90D3B22B75797F00F583CC /* UIColor + ext.swift in Sources */,
				7E90D3BB2B763A7900F583CC /* UIView + ext.swift in Sources */,
				7ECEE08E2B7D18BD0058F95C /* Date + ext.swift in Sources */,
				7E90D3A82B7575E300F583CC /* Resources.swift in Sources */,
				7E90D34E2B74FA3A00F583CC /* AppDelegate.swift in Sources */,
				7E27345A2B7F842900ED2B28 /* DateFormatterService.swift in Sources */,
				7E2734572B7EAA1E00ED2B28 /* HomeNavigationView.swift in Sources */,
				7E90D3972B756CEB00F583CC /* BaseView.swift in Sources */,
				7E90D3A32B756E2D00F583CC /* HomeViewController.swift in Sources */,
				7E90D3A22B756E2D00F583CC /* HomeRouter.swift in Sources */,
				7E90D3502B74FA3A00F583CC /* SceneDelegate.swift in Sources */,
				7E90D3B02B75777A00F583CC /* CountDownEntity.swift in Sources */,
				7E90D3B92B76239800F583CC /* CountDownCell.swift in Sources */,
				7E90D3B72B75832600F583CC /* CountDownCollectionView.swift in Sources */,
				7E90D3582B74FA3A00F583CC /* CountDown.xcdatamodeld in Sources */,
			);
			runOnlyForDeploymentPostprocessing = 0;
		};
		7E90D35F2B74FA3D00F583CC /* Sources */ = {
			isa = PBXSourcesBuildPhase;
			buildActionMask = 2147483647;
			files = (
				7E90D3682B74FA3D00F583CC /* CountDownTests.swift in Sources */,
			);
			runOnlyForDeploymentPostprocessing = 0;
		};
		7E90D3692B74FA3D00F583CC /* Sources */ = {
			isa = PBXSourcesBuildPhase;
			buildActionMask = 2147483647;
			files = (
				7E90D3742B74FA3D00F583CC /* CountDownUITestsLaunchTests.swift in Sources */,
				7E90D3722B74FA3D00F583CC /* CountDownUITests.swift in Sources */,
			);
			runOnlyForDeploymentPostprocessing = 0;
		};
/* End PBXSourcesBuildPhase section */

/* Begin PBXTargetDependency section */
		7E90D3652B74FA3D00F583CC /* PBXTargetDependency */ = {
			isa = PBXTargetDependency;
			target = 7E90D3492B74FA3A00F583CC /* CountDown */;
			targetProxy = 7E90D3642B74FA3D00F583CC /* PBXContainerItemProxy */;
		};
		7E90D36F2B74FA3D00F583CC /* PBXTargetDependency */ = {
			isa = PBXTargetDependency;
			target = 7E90D3492B74FA3A00F583CC /* CountDown */;
			targetProxy = 7E90D36E2B74FA3D00F583CC /* PBXContainerItemProxy */;
		};
/* End PBXTargetDependency section */

/* Begin PBXVariantGroup section */
		7E90D3912B754D6A00F583CC /* Localizable.strings */ = {
			isa = PBXVariantGroup;
			children = (
				7E90D3902B754D6A00F583CC /* en */,
				7E90D3942B754D8B00F583CC /* ru */,
			);
			name = Localizable.strings;
			sourceTree = "<group>";
		};
/* End PBXVariantGroup section */

/* Begin XCBuildConfiguration section */
		7E90D3752B74FA3D00F583CC /* Debug */ = {
			isa = XCBuildConfiguration;
			buildSettings = {
				ALWAYS_SEARCH_USER_PATHS = NO;
				CLANG_ANALYZER_LOCALIZABILITY_NONLOCALIZED = YES;
				CLANG_ANALYZER_NONNULL = YES;
				CLANG_ANALYZER_NUMBER_OBJECT_CONVERSION = YES_AGGRESSIVE;
				CLANG_CXX_LANGUAGE_STANDARD = "gnu++20";
				CLANG_ENABLE_MODULES = YES;
				CLANG_ENABLE_OBJC_ARC = YES;
				CLANG_ENABLE_OBJC_WEAK = YES;
				CLANG_WARN_BLOCK_CAPTURE_AUTORELEASING = YES;
				CLANG_WARN_BOOL_CONVERSION = YES;
				CLANG_WARN_COMMA = YES;
				CLANG_WARN_CONSTANT_CONVERSION = YES;
				CLANG_WARN_DEPRECATED_OBJC_IMPLEMENTATIONS = YES;
				CLANG_WARN_DIRECT_OBJC_ISA_USAGE = YES_ERROR;
				CLANG_WARN_DOCUMENTATION_COMMENTS = YES;
				CLANG_WARN_EMPTY_BODY = YES;
				CLANG_WARN_ENUM_CONVERSION = YES;
				CLANG_WARN_INFINITE_RECURSION = YES;
				CLANG_WARN_INT_CONVERSION = YES;
				CLANG_WARN_NON_LITERAL_NULL_CONVERSION = YES;
				CLANG_WARN_OBJC_IMPLICIT_RETAIN_SELF = YES;
				CLANG_WARN_OBJC_LITERAL_CONVERSION = YES;
				CLANG_WARN_OBJC_ROOT_CLASS = YES_ERROR;
				CLANG_WARN_QUOTED_INCLUDE_IN_FRAMEWORK_HEADER = YES;
				CLANG_WARN_RANGE_LOOP_ANALYSIS = YES;
				CLANG_WARN_STRICT_PROTOTYPES = YES;
				CLANG_WARN_SUSPICIOUS_MOVE = YES;
				CLANG_WARN_UNGUARDED_AVAILABILITY = YES_AGGRESSIVE;
				CLANG_WARN_UNREACHABLE_CODE = YES;
				CLANG_WARN__DUPLICATE_METHOD_MATCH = YES;
				COPY_PHASE_STRIP = NO;
				DEBUG_INFORMATION_FORMAT = dwarf;
				ENABLE_STRICT_OBJC_MSGSEND = YES;
				ENABLE_TESTABILITY = YES;
				GCC_C_LANGUAGE_STANDARD = gnu11;
				GCC_DYNAMIC_NO_PIC = NO;
				GCC_NO_COMMON_BLOCKS = YES;
				GCC_OPTIMIZATION_LEVEL = 0;
				GCC_PREPROCESSOR_DEFINITIONS = (
					"DEBUG=1",
					"$(inherited)",
				);
				GCC_WARN_64_TO_32_BIT_CONVERSION = YES;
				GCC_WARN_ABOUT_RETURN_TYPE = YES_ERROR;
				GCC_WARN_UNDECLARED_SELECTOR = YES;
				GCC_WARN_UNINITIALIZED_AUTOS = YES_AGGRESSIVE;
				GCC_WARN_UNUSED_FUNCTION = YES;
				GCC_WARN_UNUSED_VARIABLE = YES;
				IPHONEOS_DEPLOYMENT_TARGET = 16.2;
				MTL_ENABLE_DEBUG_INFO = INCLUDE_SOURCE;
				MTL_FAST_MATH = YES;
				ONLY_ACTIVE_ARCH = YES;
				SDKROOT = iphoneos;
				SWIFT_ACTIVE_COMPILATION_CONDITIONS = DEBUG;
				SWIFT_OPTIMIZATION_LEVEL = "-Onone";
			};
			name = Debug;
		};
		7E90D3762B74FA3D00F583CC /* Release */ = {
			isa = XCBuildConfiguration;
			buildSettings = {
				ALWAYS_SEARCH_USER_PATHS = NO;
				CLANG_ANALYZER_LOCALIZABILITY_NONLOCALIZED = YES;
				CLANG_ANALYZER_NONNULL = YES;
				CLANG_ANALYZER_NUMBER_OBJECT_CONVERSION = YES_AGGRESSIVE;
				CLANG_CXX_LANGUAGE_STANDARD = "gnu++20";
				CLANG_ENABLE_MODULES = YES;
				CLANG_ENABLE_OBJC_ARC = YES;
				CLANG_ENABLE_OBJC_WEAK = YES;
				CLANG_WARN_BLOCK_CAPTURE_AUTORELEASING = YES;
				CLANG_WARN_BOOL_CONVERSION = YES;
				CLANG_WARN_COMMA = YES;
				CLANG_WARN_CONSTANT_CONVERSION = YES;
				CLANG_WARN_DEPRECATED_OBJC_IMPLEMENTATIONS = YES;
				CLANG_WARN_DIRECT_OBJC_ISA_USAGE = YES_ERROR;
				CLANG_WARN_DOCUMENTATION_COMMENTS = YES;
				CLANG_WARN_EMPTY_BODY = YES;
				CLANG_WARN_ENUM_CONVERSION = YES;
				CLANG_WARN_INFINITE_RECURSION = YES;
				CLANG_WARN_INT_CONVERSION = YES;
				CLANG_WARN_NON_LITERAL_NULL_CONVERSION = YES;
				CLANG_WARN_OBJC_IMPLICIT_RETAIN_SELF = YES;
				CLANG_WARN_OBJC_LITERAL_CONVERSION = YES;
				CLANG_WARN_OBJC_ROOT_CLASS = YES_ERROR;
				CLANG_WARN_QUOTED_INCLUDE_IN_FRAMEWORK_HEADER = YES;
				CLANG_WARN_RANGE_LOOP_ANALYSIS = YES;
				CLANG_WARN_STRICT_PROTOTYPES = YES;
				CLANG_WARN_SUSPICIOUS_MOVE = YES;
				CLANG_WARN_UNGUARDED_AVAILABILITY = YES_AGGRESSIVE;
				CLANG_WARN_UNREACHABLE_CODE = YES;
				CLANG_WARN__DUPLICATE_METHOD_MATCH = YES;
				COPY_PHASE_STRIP = NO;
				DEBUG_INFORMATION_FORMAT = "dwarf-with-dsym";
				ENABLE_NS_ASSERTIONS = NO;
				ENABLE_STRICT_OBJC_MSGSEND = YES;
				GCC_C_LANGUAGE_STANDARD = gnu11;
				GCC_NO_COMMON_BLOCKS = YES;
				GCC_WARN_64_TO_32_BIT_CONVERSION = YES;
				GCC_WARN_ABOUT_RETURN_TYPE = YES_ERROR;
				GCC_WARN_UNDECLARED_SELECTOR = YES;
				GCC_WARN_UNINITIALIZED_AUTOS = YES_AGGRESSIVE;
				GCC_WARN_UNUSED_FUNCTION = YES;
				GCC_WARN_UNUSED_VARIABLE = YES;
				IPHONEOS_DEPLOYMENT_TARGET = 16.2;
				MTL_ENABLE_DEBUG_INFO = NO;
				MTL_FAST_MATH = YES;
				SDKROOT = iphoneos;
				SWIFT_COMPILATION_MODE = wholemodule;
				SWIFT_OPTIMIZATION_LEVEL = "-O";
				VALIDATE_PRODUCT = YES;
			};
			name = Release;
		};
		7E90D3782B74FA3D00F583CC /* Debug */ = {
			isa = XCBuildConfiguration;
			baseConfigurationReference = CEFCDBD6C7F94DC173B0C768 /* Pods-CountDown.debug.xcconfig */;
			buildSettings = {
				ASSETCATALOG_COMPILER_APPICON_NAME = AppIcon;
				ASSETCATALOG_COMPILER_GLOBAL_ACCENT_COLOR_NAME = AccentColor;
				CODE_SIGN_STYLE = Automatic;
				CURRENT_PROJECT_VERSION = 1;
				DEVELOPMENT_TEAM = QD73KFZ8JY;
				GENERATE_INFOPLIST_FILE = YES;
				INFOPLIST_FILE = CountDown/Helpers/Info.plist;
				INFOPLIST_KEY_UIApplicationSupportsIndirectInputEvents = YES;
				INFOPLIST_KEY_UILaunchStoryboardName = LaunchScreen;
				INFOPLIST_KEY_UISupportedInterfaceOrientations = "UIInterfaceOrientationLandscapeLeft UIInterfaceOrientationLandscapeRight UIInterfaceOrientationPortrait UIInterfaceOrientationPortraitUpsideDown";
				LD_RUNPATH_SEARCH_PATHS = (
					"$(inherited)",
					"@executable_path/Frameworks",
				);
				MARKETING_VERSION = 1.0;
				PRODUCT_BUNDLE_IDENTIFIER = ID.CountDown;
				PRODUCT_NAME = "$(TARGET_NAME)";
				SWIFT_EMIT_LOC_STRINGS = YES;
				SWIFT_VERSION = 5.0;
				TARGETED_DEVICE_FAMILY = "1,2";
			};
			name = Debug;
		};
		7E90D3792B74FA3D00F583CC /* Release */ = {
			isa = XCBuildConfiguration;
			baseConfigurationReference = 29EB3E0C631D8F2FD457CCDA /* Pods-CountDown.release.xcconfig */;
			buildSettings = {
				ASSETCATALOG_COMPILER_APPICON_NAME = AppIcon;
				ASSETCATALOG_COMPILER_GLOBAL_ACCENT_COLOR_NAME = AccentColor;
				CODE_SIGN_STYLE = Automatic;
				CURRENT_PROJECT_VERSION = 1;
				DEVELOPMENT_TEAM = QD73KFZ8JY;
				GENERATE_INFOPLIST_FILE = YES;
				INFOPLIST_FILE = CountDown/Helpers/Info.plist;
				INFOPLIST_KEY_UIApplicationSupportsIndirectInputEvents = YES;
				INFOPLIST_KEY_UILaunchStoryboardName = LaunchScreen;
				INFOPLIST_KEY_UISupportedInterfaceOrientations = "UIInterfaceOrientationLandscapeLeft UIInterfaceOrientationLandscapeRight UIInterfaceOrientationPortrait UIInterfaceOrientationPortraitUpsideDown";
				LD_RUNPATH_SEARCH_PATHS = (
					"$(inherited)",
					"@executable_path/Frameworks",
				);
				MARKETING_VERSION = 1.0;
				PRODUCT_BUNDLE_IDENTIFIER = ID.CountDown;
				PRODUCT_NAME = "$(TARGET_NAME)";
				SWIFT_EMIT_LOC_STRINGS = YES;
				SWIFT_VERSION = 5.0;
				TARGETED_DEVICE_FAMILY = "1,2";
			};
			name = Release;
		};
		7E90D37B2B74FA3D00F583CC /* Debug */ = {
			isa = XCBuildConfiguration;
			baseConfigurationReference = 770D360CF36A07053E200F24 /* Pods-CountDownTests.debug.xcconfig */;
			buildSettings = {
				ALWAYS_EMBED_SWIFT_STANDARD_LIBRARIES = YES;
				BUNDLE_LOADER = "$(TEST_HOST)";
				CODE_SIGN_STYLE = Automatic;
				CURRENT_PROJECT_VERSION = 1;
				DEVELOPMENT_TEAM = QD73KFZ8JY;
				GENERATE_INFOPLIST_FILE = YES;
				IPHONEOS_DEPLOYMENT_TARGET = 16.2;
				MARKETING_VERSION = 1.0;
				PRODUCT_BUNDLE_IDENTIFIER = ID.CountDownTests;
				PRODUCT_NAME = "$(TARGET_NAME)";
				SWIFT_EMIT_LOC_STRINGS = NO;
				SWIFT_VERSION = 5.0;
				TARGETED_DEVICE_FAMILY = "1,2";
				TEST_HOST = "$(BUILT_PRODUCTS_DIR)/CountDown.app/$(BUNDLE_EXECUTABLE_FOLDER_PATH)/CountDown";
			};
			name = Debug;
		};
		7E90D37C2B74FA3D00F583CC /* Release */ = {
			isa = XCBuildConfiguration;
			baseConfigurationReference = 638EAAB26CF3310D0CE43B43 /* Pods-CountDownTests.release.xcconfig */;
			buildSettings = {
				ALWAYS_EMBED_SWIFT_STANDARD_LIBRARIES = YES;
				BUNDLE_LOADER = "$(TEST_HOST)";
				CODE_SIGN_STYLE = Automatic;
				CURRENT_PROJECT_VERSION = 1;
				DEVELOPMENT_TEAM = QD73KFZ8JY;
				GENERATE_INFOPLIST_FILE = YES;
				IPHONEOS_DEPLOYMENT_TARGET = 16.2;
				MARKETING_VERSION = 1.0;
				PRODUCT_BUNDLE_IDENTIFIER = ID.CountDownTests;
				PRODUCT_NAME = "$(TARGET_NAME)";
				SWIFT_EMIT_LOC_STRINGS = NO;
				SWIFT_VERSION = 5.0;
				TARGETED_DEVICE_FAMILY = "1,2";
				TEST_HOST = "$(BUILT_PRODUCTS_DIR)/CountDown.app/$(BUNDLE_EXECUTABLE_FOLDER_PATH)/CountDown";
			};
			name = Release;
		};
		7E90D37E2B74FA3D00F583CC /* Debug */ = {
			isa = XCBuildConfiguration;
			baseConfigurationReference = 25EDDFFCE952A276B2741984 /* Pods-CountDown-CountDownUITests.debug.xcconfig */;
			buildSettings = {
				ALWAYS_EMBED_SWIFT_STANDARD_LIBRARIES = YES;
				CODE_SIGN_STYLE = Automatic;
				CURRENT_PROJECT_VERSION = 1;
				DEVELOPMENT_TEAM = QD73KFZ8JY;
				GENERATE_INFOPLIST_FILE = YES;
				MARKETING_VERSION = 1.0;
				PRODUCT_BUNDLE_IDENTIFIER = ID.CountDownUITests;
				PRODUCT_NAME = "$(TARGET_NAME)";
				SWIFT_EMIT_LOC_STRINGS = NO;
				SWIFT_VERSION = 5.0;
				TARGETED_DEVICE_FAMILY = "1,2";
				TEST_TARGET_NAME = CountDown;
			};
			name = Debug;
		};
		7E90D37F2B74FA3D00F583CC /* Release */ = {
			isa = XCBuildConfiguration;
			baseConfigurationReference = FC1ABC813DD272851451505D /* Pods-CountDown-CountDownUITests.release.xcconfig */;
			buildSettings = {
				ALWAYS_EMBED_SWIFT_STANDARD_LIBRARIES = YES;
				CODE_SIGN_STYLE = Automatic;
				CURRENT_PROJECT_VERSION = 1;
				DEVELOPMENT_TEAM = QD73KFZ8JY;
				GENERATE_INFOPLIST_FILE = YES;
				MARKETING_VERSION = 1.0;
				PRODUCT_BUNDLE_IDENTIFIER = ID.CountDownUITests;
				PRODUCT_NAME = "$(TARGET_NAME)";
				SWIFT_EMIT_LOC_STRINGS = NO;
				SWIFT_VERSION = 5.0;
				TARGETED_DEVICE_FAMILY = "1,2";
				TEST_TARGET_NAME = CountDown;
			};
			name = Release;
		};
/* End XCBuildConfiguration section */

/* Begin XCConfigurationList section */
		7E90D3452B74FA3A00F583CC /* Build configuration list for PBXProject "CountDown" */ = {
			isa = XCConfigurationList;
			buildConfigurations = (
				7E90D3752B74FA3D00F583CC /* Debug */,
				7E90D3762B74FA3D00F583CC /* Release */,
			);
			defaultConfigurationIsVisible = 0;
			defaultConfigurationName = Release;
		};
		7E90D3772B74FA3D00F583CC /* Build configuration list for PBXNativeTarget "CountDown" */ = {
			isa = XCConfigurationList;
			buildConfigurations = (
				7E90D3782B74FA3D00F583CC /* Debug */,
				7E90D3792B74FA3D00F583CC /* Release */,
			);
			defaultConfigurationIsVisible = 0;
			defaultConfigurationName = Release;
		};
		7E90D37A2B74FA3D00F583CC /* Build configuration list for PBXNativeTarget "CountDownTests" */ = {
			isa = XCConfigurationList;
			buildConfigurations = (
				7E90D37B2B74FA3D00F583CC /* Debug */,
				7E90D37C2B74FA3D00F583CC /* Release */,
			);
			defaultConfigurationIsVisible = 0;
			defaultConfigurationName = Release;
		};
		7E90D37D2B74FA3D00F583CC /* Build configuration list for PBXNativeTarget "CountDownUITests" */ = {
			isa = XCConfigurationList;
			buildConfigurations = (
				7E90D37E2B74FA3D00F583CC /* Debug */,
				7E90D37F2B74FA3D00F583CC /* Release */,
			);
			defaultConfigurationIsVisible = 0;
			defaultConfigurationName = Release;
		};
/* End XCConfigurationList section */

/* Begin XCVersionGroup section */
		7E90D3562B74FA3A00F583CC /* CountDown.xcdatamodeld */ = {
			isa = XCVersionGroup;
			children = (
				7E90D3572B74FA3A00F583CC /* CountDown.xcdatamodel */,
			);
			currentVersion = 7E90D3572B74FA3A00F583CC /* CountDown.xcdatamodel */;
			path = CountDown.xcdatamodeld;
			sourceTree = "<group>";
			versionGroupType = wrapper.xcdatamodel;
		};
/* End XCVersionGroup section */
	};
	rootObject = 7E90D3422B74FA3A00F583CC /* Project object */;
}
